
Microsoft Visual Studio Solution File, Format Version 12.00
Project("{FAE04EC0-301F-11D3-BF4B-00C04F79EFBC}") = "Librotech-Inspection", "src\Librotech-Inspection\Librotech-Inspection.csproj", "{F30B90D6-AE1E-4C1F-9ED8-2FC369092686}"
EndProject
Global
	GlobalSection(SolutionConfigurationPlatforms) = preSolution
		Debug|Any CPU = Debug|Any CPU
		Release|Any CPU = Release|Any CPU
	EndGlobalSection
	GlobalSection(ProjectConfigurationPlatforms) = postSolution
		{F30B90D6-AE1E-4C1F-9ED8-2FC369092686}.Debug|Any CPU.ActiveCfg = Debug|Any CPU
		{F30B90D6-AE1E-4C1F-9ED8-2FC369092686}.Debug|Any CPU.Build.0 = Debug|Any CPU
		{F30B90D6-AE1E-4C1F-9ED8-2FC369092686}.Release|Any CPU.ActiveCfg = Release|Any CPU
		{F30B90D6-AE1E-4C1F-9ED8-2FC369092686}.Release|Any CPU.Build.0 = Release|Any CPU
	EndGlobalSection
EndGlobal
